{
    "_meta": {
        "hash": {
            "sha256": "70a4025480328bfdda72d5b371929d7767a5f8d2d22abecbabbc9cae90ef82bd"
        },
        "pipfile-spec": 6,
        "requires": {
            "python_version": "2.7"
        },
        "sources": [
            {
                "name": "pypi",
                "url": "https://pypi.org/simple",
                "verify_ssl": true
            }
        ]
    },
    "default": {
        "beautifulsoup4": {
            "hashes": [
                "sha256:11a9a27b7d3bddc6d86f59fb76afb70e921a25ac2d6cc55b40d072bd68435a76",
                "sha256:7015e76bf32f1f574636c4288399a6de66ce08fb7b2457f628a8d70c0fbabb11",
                "sha256:808b6ac932dccb0a4126558f7dfdcf41710dd44a4ef497a0bb59a77f9f078e89"
            ],
            "version": "==4.6.0"
        },
        "bs4": {
            "hashes": [
                "sha256:36ecea1fd7cc5c0c6e4a1ff075df26d50da647b75376626cc186e2212886dd3a"
            ],
            "version": "==0.0.1"
        },
        "certifi": {
            "hashes": [
                "sha256:13e698f54293db9f89122b0581843a782ad0934a4fe0172d2a980ba77fc61bb7",
                "sha256:9fa520c1bacfb634fa7af20a76bcbd3d5fb390481724c597da32c719a7dca4b0"
            ],
            "version": "==2018.4.16"
        },
        "chardet": {
            "hashes": [
                "sha256:84ab92ed1c4d4f16916e05906b6b75a6c0fb5db821cc65e70cbd64a3e2a5eaae",
                "sha256:fc323ffcaeaed0e0a02bf4d117757b98aed530d9ed4531e3e15460124c106691"
            ],
            "version": "==3.0.4"
        },
        "docutils": {
            "hashes": [
                "sha256:02aec4bd92ab067f6ff27a38a38a41173bf01bed8f89157768c1573f53e474a6",
                "sha256:51e64ef2ebfb29cae1faa133b3710143496eca21c530f3f71424d77687764274",
                "sha256:7a4bd47eaf6596e1295ecb11361139febe29b084a87bf005bf899f9a42edc3c6"
            ],
            "version": "==0.14"
        },
        "idna": {
            "hashes": [
                "sha256:2c6a5de3089009e3da7c5dde64a141dbc8551d5b7f6cf4ed7c2568d0cc520a8f",
                "sha256:8c7309c718f94b3a625cb648ace320157ad16ff131ae0af362c9f21b80ef6ec4"
            ],
            "version": "==2.6"
        },
        "numpy": {
            "hashes": [
                "sha256:0074d42e2cc333800bd09996223d40ec52e3b1ec0a5cab05dacc09b662c4c1ae",
                "sha256:034717bfef517858abc79324820a702dc6cd063effb9baab86533e8a78670689",
                "sha256:0db6301324d0568089663ef2701ad90ebac0e975742c97460e89366692bd0563",
                "sha256:1864d005b2eb7598063e35c320787d87730d864f40d6410f768fe4ea20672016",
                "sha256:46ce8323ca9384814c7645298b8b627b7d04ce97d6948ef02da357b2389d6972",
                "sha256:510863d606c932b41d2209e4de6157ab3fdf52001d3e4ad351103176d33c4b8b",
                "sha256:560e23a12e7599be8e8b67621396c5bc687fd54b48b890adbc71bc5a67333f86",
                "sha256:57dc6c22d59054542600fce6fae2d1189b9c50bafc1aab32e55f7efcc84a6c46",
                "sha256:760550fdf9d8ec7da9c4402a4afe6e25c0f184ae132011676298a6b636660b45",
                "sha256:8670067685051b49d1f2f66e396488064299fefca199c7c80b6ba0c639fedc98",
                "sha256:9016692c7d390f9d378fc88b7a799dc9caa7eb938163dda5276d3f3d6f75debf",
                "sha256:98ff275f1b5907490d26b30b6ff111ecf2de0254f0ab08833d8fe61aa2068a00",
                "sha256:9ccf4d5c9139b1e985db915039baa0610a7e4a45090580065f8d8cb801b7422f",
                "sha256:a8dbab311d4259de5eeaa5b4e83f5f8545e4808f9144e84c0f424a6ee55a7b98",
                "sha256:aaef1bea636b6e552bbc5dae0ada87d4f6046359daaa97a05a013b0169620f27",
                "sha256:b8987e30d9a0eb6635df9705a75cf8c4a2835590244baecf210163343bc65176",
                "sha256:c3fe23df6fe0898e788581753da453f877350058c5982e85a8972feeecb15309",
                "sha256:c5eb7254cfc4bd7a4330ad7e1f65b98343836865338c57b0e25c661e41d5cfd9",
                "sha256:c80fcf9b38c7f4df666150069b04abbd2fe42ae640703a6e1f128cda83b552b7",
                "sha256:e33baf50f2f6b7153ddb973601a11df852697fba4c08b34a5e0f39f66f8120e1",
                "sha256:e8578a62a8eaf552b95d62f630bb5dd071243ba1302bbff3e55ac48588508736",
                "sha256:f22b3206f1c561dd9110b93d144c6aaa4a9a354e3b07ad36030df3ea92c5bb5b",
                "sha256:f39afab5769b3aaa786634b94b4a23ef3c150bdda044e8a32a3fc16ddafe803b"
            ],
            "version": "==1.14.3"
        },
        "pandas": {
            "hashes": [
                "sha256:0811ede1b9b338169803e04e665f8127283995223d296a2e61eca99d14f0a9a7",
                "sha256:09ab1d66f6db0e6bb74c15813fcfbd6f0f2a7a78c8824d56e285360833cd225c",
                "sha256:19eff29057c05e498e66b6c373860db0520adf2601647c7147022861a5be7dac",
                "sha256:25219ad2b5a203bfd6f84ab179594536eb00ef91b0c6615715450788f2306c80",
                "sha256:2595f720809a494c36e42d778bcb4bcc5aca4afd6a2dc783b927b73e1f7351ed",
                "sha256:26e9a0f4299f39816b469c83b2f3a04dcaa2727bde93469959ba63574f16e15a",
                "sha256:353608eeeac4d6666390998dd37689ba26920ec08c007fbe46fef98a4be5224b",
                "sha256:39732ac0ca2963eb78da570c16fb9dbf5c7f84409974ca15f32876091cb533a2",
                "sha256:39fda572ec544836bdc913b36f6efdbd453116c6fea8df24764cf10d86ba0ad6",
                "sha256:58b56065ac2298cdc6d12c69a34dc0d2315bb3827ca014a227b7412c5ee4204f",
                "sha256:6ea455587b3b2a73288f00476a5b20862052d69d287cda7aadff570a48972cbf",
                "sha256:70463d4e04a39fb530461a1e50c6068b14b668ccf756f5111599198e3db47cb8",
                "sha256:908e09bf7951162aa639a8414d511e2b7774922c6e14fb8af2ed67e5767b867b",
                "sha256:9677e26f40050c2262391df02674ae277d1cf137986b6611de4b4c86ddc62c08",
                "sha256:a53ab088ab3848a4140476e438e4ba41054f802ef432a188c5d849e41c7b2a9c",
                "sha256:a777e07633d83d546c55706420179551c8e01075b53c497dcf8ae4036766bc66",
                "sha256:aebedc41d9ffd5da31b28aa6d32c70a904432d0259eee4ff0da494395d7e4ed6",
                "sha256:bac73f33a578ee40cc96b7512bf8596cdc534892336e0cf4f8dde80eed7c916d",
                "sha256:cbaa99186712e697cb4775c625e7924cf17200a01bad441e6135c3a932f51d11",
                "sha256:d0e85e1d8c46758ab6a07467438b6a625e60532c5aab46b6bc570a3b8243c697",
                "sha256:d8635f161aadd23262ab94e0c2962dd6c727505a3c7e987e33f0172ab40a2f3a",
                "sha256:d8b636ee0a992551b5bfe5bb8518db3e56301ce21394993668c72fe2f23efaf0",
                "sha256:eea812e11da3f53fce9f8474a3ab42124e0ae4a359d9d1677d676cb3dfacb217",
                "sha256:fcc312dd529c91e0fdc074cb466367e856ee337f727aa739a77df49f647c8011"
            ],
            "version": "==0.20.3"
        },
        "perf": {
            "hashes": [
                "sha256:5aae76e58bd3edd0c50adcc7c16926ebb9ed8c0e5058b435a30d58c6bb0394a8",
                "sha256:fa25ee23f7d9f07733e318c2491c8ca2209de2bd5a11607cdf29e79bf88c669e"
            ],
            "index": "pypi",
            "version": "==1.5.1"
        },
        "python-dateutil": {
            "hashes": [
                "sha256:3220490fb9741e2342e1cf29a503394fdac874bc39568288717ee67047ff29df",
                "sha256:9d8074be4c993fbe4947878ce593052f71dac82932a677d49194d8ce9778002e"
            ],
            "version": "==2.7.2"
        },
        "pytz": {
            "hashes": [
                "sha256:65ae0c8101309c45772196b21b74c46b2e5d11b6275c45d251b150d5da334555",
                "sha256:c06425302f2cf668f1bba7a0a03f3c1d34d4ebeef2c72003da308b3947c7f749"
            ],
            "version": "==2018.4"
        },
        "requests": {
            "hashes": [
                "sha256:6a1b267aa90cac58ac3a765d067950e7dbbf75b1da07e895d1f594193a40a38b",
                "sha256:9c443e7324ba5b85070c4a818ade28bfabedf16ea10206da1132edaa6dda237e"
            ],
            "version": "==2.18.4"
        },
        "six": {
            "hashes": [
                "sha256:70e8a77beed4562e7f14fe23a786b54f6296e34344c23bc42f07b15018ff98e9",
                "sha256:832dc0e10feb1aa2c68dcc57dbb658f1c7e65b9b61af69048abc87a2db00a0eb"
            ],
            "version": "==1.11.0"
        },
        "sqlalchemy": {
            "hashes": [
                "sha256:2a98ac87b30eaa2bee1f1044848b9590e476e7f93d033c6542e60b993a5cf898"
            ],
            "version": "==1.1.13"
        },
        "statistics": {
            "hashes": [
                "sha256:2dc379b80b07bf2ddd5488cad06b2b9531da4dd31edb04dc9ec0dc226486c138"
            ],
            "markers": "python_version < '3.4'",
            "version": "==1.0.3.5"
        },
        "tickerplot": {
            "editable": "True",
            "git": "https://github.com/gabhijit/tickerplot.git",
            "ref": "v0.0.4"
        },
        "urllib3": {
            "hashes": [
                "sha256:06330f386d6e4b195fbfc736b297f58c5a892e4440e54d294d7004e3a9bbea1b",
                "sha256:cc44da8e1145637334317feebd728bd869a35285b93cbb4cca2577da7e62db4f"
            ],
            "version": "==1.22"
        }
    },
    "develop": {
        "astroid": {
            "hashes": [
                "sha256:35cfae47aac19c7b407b7095410e895e836f2285ccf1220336afba744cc4c5f2",
                "sha256:38186e481b65877fd8b1f9acc33e922109e983eb7b6e487bd4c71002134ad331"
            ],
            "version": "==1.6.3"
        },
        "backports.functools-lru-cache": {
            "hashes": [
                "sha256:9d98697f088eb1b0fa451391f91afb5e3ebde16bbdb272819fd091151fda4f1a",
                "sha256:f0b0e4eba956de51238e17573b7087e852dfe9854afd2e9c873f73fc0ca0a6dd"
            ],
            "markers": "python_version < '3.4'",
            "version": "==1.5"
        },
        "configparser": {
            "hashes": [
                "sha256:5308b47021bc2340965c371f0f058cc6971a04502638d4244225c49d80db273a"
            ],
            "markers": "python_version == '2.7'",
            "version": "==3.5.0"
        },
        "enum34": {
            "hashes": [
                "sha256:2d81cbbe0e73112bdfe6ef8576f2238f2ba27dd0d55752a776c41d38b7da2850",
                "sha256:644837f692e5f550741432dd3f223bbb9852018674981b1664e5dc339387588a",
                "sha256:6bd0f6ad48ec2aa117d3d141940d484deccda84d4fcd884f5c3d93c23ecd8c79",
                "sha256:8ad8c4783bf61ded74527bffb48ed9b54166685e4230386a9ed9b1279e2df5b1"
            ],
            "markers": "python_version < '3.4'",
            "version": "==1.1.6"
        },
        "futures": {
            "hashes": [
                "sha256:9ec02aa7d674acb8618afb127e27fde7fc68994c0437ad759fa094a574adb265",
                "sha256:ec0a6cb848cc212002b9828c3e34c675e0c9ff6741dc445cab6fdd4e1085d1f1"
            ],
            "version": "==3.2.0"
        },
        "isort": {
            "hashes": [
                "sha256:1153601da39a25b14ddc54955dbbacbb6b2d19135386699e2ad58517953b34af",
                "sha256:b9c40e9750f3d77e6e4d441d8b0266cf555e7cdabdcff33c4fd06366ca761ef8",
                "sha256:ec9ef8f4a9bc6f71eec99e1806bfa2de401650d996c59330782b89a5555c1497"
            ],
            "version": "==4.3.4"
        },
        "lazy-object-proxy": {
            "hashes": [
                "sha256:0ce34342b419bd8f018e6666bfef729aec3edf62345a53b537a4dcc115746a33",
                "sha256:1b668120716eb7ee21d8a38815e5eb3bb8211117d9a90b0f8e21722c0758cc39",
                "sha256:209615b0fe4624d79e50220ce3310ca1a9445fd8e6d3572a896e7f9146bbf019",
                "sha256:27bf62cb2b1a2068d443ff7097ee33393f8483b570b475db8ebf7e1cba64f088",
                "sha256:27ea6fd1c02dcc78172a82fc37fcc0992a94e4cecf53cb6d73f11749825bd98b",
                "sha256:2c1b21b44ac9beb0fc848d3993924147ba45c4ebc24be19825e57aabbe74a99e",
                "sha256:2df72ab12046a3496a92476020a1a0abf78b2a7db9ff4dc2036b8dd980203ae6",
                "sha256:320ffd3de9699d3892048baee45ebfbbf9388a7d65d832d7e580243ade426d2b",
                "sha256:50e3b9a464d5d08cc5227413db0d1c4707b6172e4d4d915c1c70e4de0bbff1f5",
                "sha256:5276db7ff62bb7b52f77f1f51ed58850e315154249aceb42e7f4c611f0f847ff",
                "sha256:61a6cf00dcb1a7f0c773ed4acc509cb636af2d6337a08f362413c76b2b47a8dd",
                "sha256:6ae6c4cb59f199d8827c5a07546b2ab7e85d262acaccaacd49b62f53f7c456f7",
                "sha256:7661d401d60d8bf15bb5da39e4dd72f5d764c5aff5a86ef52a042506e3e970ff",
                "sha256:7bd527f36a605c914efca5d3d014170b2cb184723e423d26b1fb2fd9108e264d",
                "sha256:7cb54db3535c8686ea12e9535eb087d32421184eacc6939ef15ef50f83a5e7e2",
                "sha256:7f3a2d740291f7f2c111d86a1c4851b70fb000a6c8883a59660d95ad57b9df35",
                "sha256:81304b7d8e9c824d058087dcb89144842c8e0dea6d281c031f59f0acf66963d4",
                "sha256:933947e8b4fbe617a51528b09851685138b49d511af0b6c0da2539115d6d4514",
                "sha256:94223d7f060301b3a8c09c9b3bc3294b56b2188e7d8179c762a1cda72c979252",
                "sha256:ab3ca49afcb47058393b0122428358d2fbe0408cf99f1b58b295cfeb4ed39109",
                "sha256:bd6292f565ca46dee4e737ebcc20742e3b5be2b01556dafe169f6c65d088875f",
                "sha256:cb924aa3e4a3fb644d0c463cad5bc2572649a6a3f68a7f8e4fbe44aaa6d77e4c",
                "sha256:d0fc7a286feac9077ec52a927fc9fe8fe2fabab95426722be4c953c9a8bede92",
                "sha256:ddc34786490a6e4ec0a855d401034cbd1242ef186c20d79d2166d6a4bd449577",
                "sha256:e34b155e36fa9da7e1b7c738ed7767fc9491a62ec6af70fe9da4a057759edc2d",
                "sha256:e5b9e8f6bda48460b7b143c3821b21b452cb3a835e6bbd5dd33aa0c8d3f5137d",
                "sha256:e81ebf6c5ee9684be8f2c87563880f93eedd56dd2b6146d8a725b50b7e5adb0f",
                "sha256:eb91be369f945f10d3a49f5f9be8b3d0b93a4c2be8f8a5b83b0571b8123e0a7a",
                "sha256:f460d1ceb0e4a5dcb2a652db0904224f367c9b3c1470d5a7683c0480e582468b"
            ],
            "version": "==1.3.1"
        },
        "mccabe": {
            "hashes": [
                "sha256:ab8a6258860da4b6677da4bd2fe5dc2c659cff31b3ee4f7f5d64e79735b80d42",
                "sha256:dd8d182285a0fe56bace7f45b5e7d1a6ebcbf524e8f3bd87eb0f125271b8831f"
            ],
            "version": "==0.6.1"
        },
        "pylint": {
            "hashes": [
                "sha256:0b7e6b5d9f1d4e0b554b5d948f14ed7969e8cdf9a0120853e6e5af60813b18ab",
                "sha256:34738a82ab33cbd3bb6cd4cef823dbcabdd2b6b48a4e3a3054a2bbbf0c712be9"
            ],
            "index": "pypi",
            "version": "==1.8.4"
        },
        "singledispatch": {
            "hashes": [
                "sha256:5b06af87df13818d14f08a028e42f566640aef80805c3b50c5056b086e3c2b9c",
                "sha256:833b46966687b3de7f438c761ac475213e53b306740f1abfaa86e1d1aae56aa8"
            ],
            "markers": "python_version < '3.4'",
            "version": "==3.4.0.3"
        },
        "six": {
            "hashes": [
                "sha256:70e8a77beed4562e7f14fe23a786b54f6296e34344c23bc42f07b15018ff98e9",
                "sha256:832dc0e10feb1aa2c68dcc57dbb658f1c7e65b9b61af69048abc87a2db00a0eb"
            ],
            "version": "==1.11.0"
        },
        "wrapt": {
            "hashes": [
                "sha256:d4d560d479f2c21e1b5443bbd15fe7ec4b37fe7e53d335d3b9b0a7b1226fe3c6"
            ],
            "version": "==1.10.11"
        }
    }
}
